
Microsoft Visual Studio Solution File, Format Version 12.00
# Visual Studio 2012
Project("{FAE04EC0-301F-11D3-BF4B-00C04F79EFBC}") = "e-ticaret", "e-ticaret\e-ticaret.csproj", "{B907C3BE-A176-47EE-9D02-B09C16646312}"
EndProject
Global
	GlobalSection(SolutionConfigurationPlatforms) = preSolution
		Debug|Any CPU = Debug|Any CPU
		Release|Any CPU = Release|Any CPU
	EndGlobalSection
	GlobalSection(ProjectConfigurationPlatforms) = postSolution
		{B907C3BE-A176-47EE-9D02-B09C16646312}.Debug|Any CPU.ActiveCfg = Debug|Any CPU
		{B907C3BE-A176-47EE-9D02-B09C16646312}.Debug|Any CPU.Build.0 = Debug|Any CPU
		{B907C3BE-A176-47EE-9D02-B09C16646312}.Release|Any CPU.ActiveCfg = Release|Any CPU
		{B907C3BE-A176-47EE-9D02-B09C16646312}.Release|Any CPU.Build.0 = Release|Any CPU
	EndGlobalSection
	GlobalSection(SolutionProperties) = preSolution
		HideSolutionNode = FALSE
	EndGlobalSection
EndGlobal
